
Microsoft Visual Studio Solution File, Format Version 12.00
# Visual Studio Version 16
VisualStudioVersion = 16.0.30523.141
MinimumVisualStudioVersion = 10.0.40219.1
Project("{FAE04EC0-301F-11D3-BF4B-00C04F79EFBC}") = "ITW2020", "ITW2020.csproj", "{2002C3CB-B8CB-4EDF-B452-039A30995256}"
EndProject
Global
	GlobalSection(SolutionConfigurationPlatforms) = preSolution
		Debug|Any CPU = Debug|Any CPU
		Release|Any CPU = Release|Any CPU
	EndGlobalSection
	GlobalSection(ProjectConfigurationPlatforms) = postSolution
		{2002C3CB-B8CB-4EDF-B452-039A30995256}.Debug|Any CPU.ActiveCfg = Debug|Any CPU
		{2002C3CB-B8CB-4EDF-B452-039A30995256}.Debug|Any CPU.Build.0 = Debug|Any CPU
		{2002C3CB-B8CB-4EDF-B452-039A30995256}.Release|Any CPU.ActiveCfg = Release|Any CPU
		{2002C3CB-B8CB-4EDF-B452-039A30995256}.Release|Any CPU.Build.0 = Release|Any CPU
	EndGlobalSection
	GlobalSection(SolutionProperties) = preSolution
		HideSolutionNode = FALSE
	EndGlobalSection
	GlobalSection(ExtensibilityGlobals) = postSolution
		SolutionGuid = {0BDABDBF-938B-4411-A026-662047A439D2}
	EndGlobalSection
EndGlobal
